{
    "version": 3,
    "terraform_version": "0.11.1",
    "serial": 30,
    "lineage": "e3fffba6-763e-4b98-b350-42341764b299",
    "modules": [
        {
            "path": [
                "root"
            ],
            "outputs": {
                "bastion-dns": {
                    "sensitive": false,
                    "type": "string",
                    "value": "ec2-54-165-27-42.compute-1.amazonaws.com"
                },
                "web-url": {
                    "sensitive": false,
                    "type": "string",
                    "value": "nv-dev-pt-application-elb-489584102.us-east-1.elb.amazonaws.com"
                }
            },
            "resources": {
                "aws_autoscaling_group.web-asg": {
                    "type": "aws_autoscaling_group",
                    "depends_on": [
                        "aws_elb.web-elb",
                        "aws_launch_configuration.web-lc",
                        "module.network"
                    ],
                    "primary": {
                        "id": "nv-dev-pt-web-asg",
                        "attributes": {
                            "arn": "arn:aws:autoscaling:us-east-1:571854380844:autoScalingGroup:1fc33eec-debf-47f8-864d-41dae0b2fdce:autoScalingGroupName/nv-dev-pt-web-asg",
                            "availability_zones.#": "5",
                            "availability_zones.1305112097": "us-east-1b",
                            "availability_zones.2762590996": "us-east-1d",
                            "availability_zones.3551460226": "us-east-1e",
                            "availability_zones.3569565595": "us-east-1a",
                            "availability_zones.986537655": "us-east-1c",
                            "default_cooldown": "300",
                            "desired_capacity": "5",
                            "enabled_metrics.#": "0",
                            "force_delete": "true",
                            "health_check_grace_period": "300",
                            "health_check_type": "ELB",
                            "id": "nv-dev-pt-web-asg",
                            "launch_configuration": "nv-dev-pt-web-lc20180807233547142300000001",
                            "launch_template.#": "0",
                            "load_balancers.#": "1",
                            "load_balancers.47573660": "nv-dev-pt-application-elb",
                            "max_size": "5",
                            "metrics_granularity": "1Minute",
                            "min_size": "2",
                            "name": "nv-dev-pt-web-asg",
                            "placement_group": "",
                            "protect_from_scale_in": "false",
                            "service_linked_role_arn": "arn:aws:iam::571854380844:role/aws-service-role/autoscaling.amazonaws.com/AWSServiceRoleForAutoScaling",
                            "suspended_processes.#": "0",
                            "tag.#": "1",
                            "tag.3868636556.key": "Name",
                            "tag.3868636556.propagate_at_launch": "true",
                            "tag.3868636556.value": "nv-dev-pt-web-asg",
                            "target_group_arns.#": "0",
                            "termination_policies.#": "0",
                            "vpc_zone_identifier.#": "5",
                            "vpc_zone_identifier.1459528342": "subnet-0900397cd22ddbce6",
                            "vpc_zone_identifier.1706647108": "subnet-0b3679845439d36da",
                            "vpc_zone_identifier.1966848570": "subnet-01f43ac7ebe34e95b",
                            "vpc_zone_identifier.2976289732": "subnet-0564bf3119ddf5672",
                            "vpc_zone_identifier.516737098": "subnet-00c65977e21053d08",
                            "wait_for_capacity_timeout": "10m"
                        },
                        "meta": {
                            "e2bfb730-ecaa-11e6-8f88-34363bc7c4c0": {
                                "delete": 600000000000
                            }
                        },
                        "tainted": false
                    },
                    "deposed": [],
                    "provider": "provider.aws"
                },
                "aws_elb.web-elb": {
                    "type": "aws_elb",
                    "depends_on": [
                        "aws_security_group.elb-sg",
                        "module.network"
                    ],
                    "primary": {
                        "id": "nv-dev-pt-application-elb",
                        "attributes": {
                            "access_logs.#": "0",
                            "arn": "arn:aws:elasticloadbalancing:us-east-1:571854380844:loadbalancer/nv-dev-pt-application-elb",
                            "availability_zones.#": "5",
                            "availability_zones.1305112097": "us-east-1b",
                            "availability_zones.2762590996": "us-east-1d",
                            "availability_zones.3551460226": "us-east-1e",
                            "availability_zones.3569565595": "us-east-1a",
                            "availability_zones.986537655": "us-east-1c",
                            "connection_draining": "false",
                            "connection_draining_timeout": "300",
                            "cross_zone_load_balancing": "true",
                            "dns_name": "nv-dev-pt-application-elb-489584102.us-east-1.elb.amazonaws.com",
                            "health_check.#": "1",
                            "health_check.0.healthy_threshold": "2",
                            "health_check.0.interval": "30",
                            "health_check.0.target": "HTTP:80/",
                            "health_check.0.timeout": "3",
                            "health_check.0.unhealthy_threshold": "2",
                            "id": "nv-dev-pt-application-elb",
                            "idle_timeout": "60",
                            "instances.#": "0",
                            "internal": "false",
                            "listener.#": "1",
                            "listener.3057123346.instance_port": "80",
                            "listener.3057123346.instance_protocol": "http",
                            "listener.3057123346.lb_port": "80",
                            "listener.3057123346.lb_protocol": "http",
                            "listener.3057123346.ssl_certificate_id": "",
                            "name": "nv-dev-pt-application-elb",
                            "security_groups.#": "1",
                            "security_groups.4051126043": "sg-07acb6d8d9f996f9d",
                            "source_security_group": "571854380844/terraform_example_sg",
                            "source_security_group_id": "sg-07acb6d8d9f996f9d",
                            "subnets.#": "5",
                            "subnets.1519404503": "subnet-0ed897c03ec93575b",
                            "subnets.1630698957": "subnet-03534d92360c5bdb6",
                            "subnets.1908039751": "subnet-063978ee033850209",
                            "subnets.3933170773": "subnet-0f52334c0a0915c00",
                            "subnets.709656128": "subnet-006d0b69cc3f04f92",
                            "tags.%": "0",
                            "zone_id": "Z35SXDOTRQ7X7K"
                        },
                        "meta": {},
                        "tainted": false
                    },
                    "deposed": [],
                    "provider": "provider.aws"
                },
                "aws_launch_configuration.web-lc": {
                    "type": "aws_launch_configuration",
                    "depends_on": [
                        "aws_security_group.webserver-sg"
                    ],
                    "primary": {
                        "id": "nv-dev-pt-web-lc20180807233547142300000001",
                        "attributes": {
                            "associate_public_ip_address": "false",
                            "ebs_block_device.#": "0",
                            "ebs_optimized": "false",
                            "enable_monitoring": "true",
                            "ephemeral_block_device.#": "0",
                            "iam_instance_profile": "",
                            "id": "nv-dev-pt-web-lc20180807233547142300000001",
                            "image_id": "ami-759bc50a",
                            "instance_type": "t2.micro",
                            "key_name": "pedro",
                            "name": "nv-dev-pt-web-lc20180807233547142300000001",
                            "name_prefix": "nv-dev-pt-web-lc",
                            "root_block_device.#": "0",
                            "security_groups.#": "1",
                            "security_groups.2540045756": "sg-05978e34fb15969e4",
                            "spot_price": "",
                            "user_data": "2f01152e2f43d1453d25fa9ee1df8ffae2ea114d",
                            "vpc_classic_link_id": "",
                            "vpc_classic_link_security_groups.#": "0"
                        },
                        "meta": {},
                        "tainted": false
                    },
                    "deposed": [],
                    "provider": "provider.aws"
                },
                "aws_security_group.elb-sg": {
                    "type": "aws_security_group",
                    "depends_on": [
                        "module.network"
                    ],
                    "primary": {
                        "id": "sg-07acb6d8d9f996f9d",
                        "attributes": {
                            "arn": "arn:aws:ec2:us-east-1:571854380844:security-group/sg-07acb6d8d9f996f9d",
                            "description": "Used in the terraform",
                            "egress.#": "1",
                            "egress.482069346.cidr_blocks.#": "1",
                            "egress.482069346.cidr_blocks.0": "0.0.0.0/0",
                            "egress.482069346.description": "",
                            "egress.482069346.from_port": "0",
                            "egress.482069346.ipv6_cidr_blocks.#": "0",
                            "egress.482069346.prefix_list_ids.#": "0",
                            "egress.482069346.protocol": "-1",
                            "egress.482069346.security_groups.#": "0",
                            "egress.482069346.self": "false",
                            "egress.482069346.to_port": "0",
                            "id": "sg-07acb6d8d9f996f9d",
                            "ingress.#": "1",
                            "ingress.2214680975.cidr_blocks.#": "1",
                            "ingress.2214680975.cidr_blocks.0": "0.0.0.0/0",
                            "ingress.2214680975.description": "",
                            "ingress.2214680975.from_port": "80",
                            "ingress.2214680975.ipv6_cidr_blocks.#": "0",
                            "ingress.2214680975.protocol": "tcp",
                            "ingress.2214680975.security_groups.#": "0",
                            "ingress.2214680975.self": "false",
                            "ingress.2214680975.to_port": "80",
                            "name": "terraform_example_sg",
                            "owner_id": "571854380844",
                            "revoke_rules_on_delete": "false",
                            "tags.%": "0",
                            "vpc_id": "vpc-04af34c9d2cd8b484"
                        },
                        "meta": {
                            "e2bfb730-ecaa-11e6-8f88-34363bc7c4c0": {
                                "create": 600000000000,
                                "delete": 600000000000
                            },
                            "schema_version": "1"
                        },
                        "tainted": false
                    },
                    "deposed": [],
                    "provider": "provider.aws"
                },
                "aws_security_group.webserver-sg": {
                    "type": "aws_security_group",
                    "depends_on": [
                        "module.network"
                    ],
                    "primary": {
                        "id": "sg-05978e34fb15969e4",
                        "attributes": {
                            "arn": "arn:aws:ec2:us-east-1:571854380844:security-group/sg-05978e34fb15969e4",
                            "description": "Used in the terraform",
                            "egress.#": "1",
                            "egress.482069346.cidr_blocks.#": "1",
                            "egress.482069346.cidr_blocks.0": "0.0.0.0/0",
                            "egress.482069346.description": "",
                            "egress.482069346.from_port": "0",
                            "egress.482069346.ipv6_cidr_blocks.#": "0",
                            "egress.482069346.prefix_list_ids.#": "0",
                            "egress.482069346.protocol": "-1",
                            "egress.482069346.security_groups.#": "0",
                            "egress.482069346.self": "false",
                            "egress.482069346.to_port": "0",
                            "id": "sg-05978e34fb15969e4",
                            "ingress.#": "2",
                            "ingress.1547740499.cidr_blocks.#": "1",
                            "ingress.1547740499.cidr_blocks.0": "10.10.20.0/24",
                            "ingress.1547740499.description": "",
                            "ingress.1547740499.from_port": "80",
                            "ingress.1547740499.ipv6_cidr_blocks.#": "0",
                            "ingress.1547740499.protocol": "tcp",
                            "ingress.1547740499.security_groups.#": "0",
                            "ingress.1547740499.self": "false",
                            "ingress.1547740499.to_port": "80",
                            "ingress.3492308077.cidr_blocks.#": "1",
                            "ingress.3492308077.cidr_blocks.0": "10.10.20.0/24",
                            "ingress.3492308077.description": "",
                            "ingress.3492308077.from_port": "22",
                            "ingress.3492308077.ipv6_cidr_blocks.#": "0",
                            "ingress.3492308077.protocol": "tcp",
                            "ingress.3492308077.security_groups.#": "0",
                            "ingress.3492308077.self": "false",
                            "ingress.3492308077.to_port": "22",
                            "name": "webservers sg",
                            "owner_id": "571854380844",
                            "revoke_rules_on_delete": "false",
                            "tags.%": "0",
                            "vpc_id": "vpc-04af34c9d2cd8b484"
                        },
                        "meta": {
                            "e2bfb730-ecaa-11e6-8f88-34363bc7c4c0": {
                                "create": 600000000000,
                                "delete": 600000000000
                            },
                            "schema_version": "1"
                        },
                        "tainted": false
                    },
                    "deposed": [],
                    "provider": "provider.aws"
                }
            },
            "depends_on": []
        },
        {
            "path": [
                "root",
                "bastion"
            ],
            "outputs": {
                "public-dns": {
                    "sensitive": false,
                    "type": "string",
                    "value": "ec2-54-165-27-42.compute-1.amazonaws.com"
                }
            },
            "resources": {
                "aws_instance.bastion": {
                    "type": "aws_instance",
                    "depends_on": [
                        "aws_security_group.bastion-access"
                    ],
                    "primary": {
                        "id": "i-0af86a5625242d56f",
                        "attributes": {
                            "ami": "ami-759bc50a",
                            "associate_public_ip_address": "true",
                            "availability_zone": "us-east-1a",
                            "cpu_core_count": "1",
                            "cpu_threads_per_core": "1",
                            "credit_specification.#": "1",
                            "credit_specification.0.cpu_credits": "standard",
                            "disable_api_termination": "false",
                            "ebs_block_device.#": "0",
                            "ebs_optimized": "false",
                            "ephemeral_block_device.#": "0",
                            "get_password_data": "false",
                            "iam_instance_profile": "",
                            "id": "i-0af86a5625242d56f",
                            "instance_state": "running",
                            "instance_type": "t2.micro",
                            "ipv6_addresses.#": "0",
                            "key_name": "pedro",
                            "monitoring": "false",
                            "network_interface.#": "0",
                            "network_interface_id": "eni-089b10ab79f76117d",
                            "password_data": "",
                            "placement_group": "",
                            "primary_network_interface_id": "eni-089b10ab79f76117d",
                            "private_dns": "ip-10-10-20-85.ec2.internal",
                            "private_ip": "10.10.20.85",
                            "public_dns": "ec2-54-165-27-42.compute-1.amazonaws.com",
                            "public_ip": "54.165.27.42",
                            "root_block_device.#": "1",
                            "root_block_device.0.delete_on_termination": "true",
                            "root_block_device.0.iops": "100",
                            "root_block_device.0.volume_id": "vol-03da25d43700fd5ce",
                            "root_block_device.0.volume_size": "8",
                            "root_block_device.0.volume_type": "gp2",
                            "security_groups.#": "0",
                            "source_dest_check": "true",
                            "subnet_id": "subnet-0ed897c03ec93575b",
                            "tags.%": "2",
                            "tags.Name": "bastion-host",
                            "tags.live": "no",
                            "tenancy": "default",
                            "volume_tags.%": "0",
                            "vpc_security_group_ids.#": "1",
                            "vpc_security_group_ids.1491859086": "sg-0d9238672b60c30da"
                        },
                        "meta": {
                            "e2bfb730-ecaa-11e6-8f88-34363bc7c4c0": {
                                "create": 600000000000,
                                "delete": 1200000000000,
                                "update": 600000000000
                            },
                            "schema_version": "1"
                        },
                        "tainted": false
                    },
                    "deposed": [],
                    "provider": "provider.aws"
                },
                "aws_security_group.bastion-access": {
                    "type": "aws_security_group",
                    "depends_on": [],
                    "primary": {
                        "id": "sg-0d9238672b60c30da",
                        "attributes": {
                            "arn": "arn:aws:ec2:us-east-1:571854380844:security-group/sg-0d9238672b60c30da",
                            "description": "SSH access to bastion",
                            "egress.#": "1",
                            "egress.3492308077.cidr_blocks.#": "1",
                            "egress.3492308077.cidr_blocks.0": "10.10.20.0/24",
                            "egress.3492308077.description": "",
                            "egress.3492308077.from_port": "22",
                            "egress.3492308077.ipv6_cidr_blocks.#": "0",
                            "egress.3492308077.prefix_list_ids.#": "0",
                            "egress.3492308077.protocol": "tcp",
                            "egress.3492308077.security_groups.#": "0",
                            "egress.3492308077.self": "false",
                            "egress.3492308077.to_port": "22",
                            "id": "sg-0d9238672b60c30da",
                            "ingress.#": "1",
                            "ingress.2749658145.cidr_blocks.#": "1",
                            "ingress.2749658145.cidr_blocks.0": "92.0.174.123/32",
                            "ingress.2749658145.description": "",
                            "ingress.2749658145.from_port": "22",
                            "ingress.2749658145.ipv6_cidr_blocks.#": "0",
                            "ingress.2749658145.protocol": "tcp",
                            "ingress.2749658145.security_groups.#": "0",
                            "ingress.2749658145.self": "false",
                            "ingress.2749658145.to_port": "22",
                            "name": "bastion-access",
                            "owner_id": "571854380844",
                            "revoke_rules_on_delete": "false",
                            "tags.%": "2",
                            "tags.Name": "bastion-sg-nv-dev-pt",
                            "tags.live": "no",
                            "vpc_id": "vpc-04af34c9d2cd8b484"
                        },
                        "meta": {
                            "e2bfb730-ecaa-11e6-8f88-34363bc7c4c0": {
                                "create": 600000000000,
                                "delete": 600000000000
                            },
                            "schema_version": "1"
                        },
                        "tainted": false
                    },
                    "deposed": [],
                    "provider": "provider.aws"
                },
                "aws_security_group_rule.allow-ssh-in": {
                    "type": "aws_security_group_rule",
                    "depends_on": [
                        "aws_security_group.bastion-access"
                    ],
                    "primary": {
                        "id": "sgrule-1168774362",
                        "attributes": {
                            "cidr_blocks.#": "1",
                            "cidr_blocks.0": "92.0.174.123/32",
                            "description": "",
                            "from_port": "22",
                            "id": "sgrule-1168774362",
                            "ipv6_cidr_blocks.#": "0",
                            "prefix_list_ids.#": "0",
                            "protocol": "tcp",
                            "security_group_id": "sg-0d9238672b60c30da",
                            "self": "false",
                            "to_port": "22",
                            "type": "ingress"
                        },
                        "meta": {
                            "schema_version": "2"
                        },
                        "tainted": false
                    },
                    "deposed": [],
                    "provider": "provider.aws"
                },
                "aws_security_group_rule.allow-ssh-out": {
                    "type": "aws_security_group_rule",
                    "depends_on": [
                        "aws_security_group.bastion-access"
                    ],
                    "primary": {
                        "id": "sgrule-1960088529",
                        "attributes": {
                            "cidr_blocks.#": "1",
                            "cidr_blocks.0": "10.10.20.0/24",
                            "description": "",
                            "from_port": "22",
                            "id": "sgrule-1960088529",
                            "ipv6_cidr_blocks.#": "0",
                            "prefix_list_ids.#": "0",
                            "protocol": "tcp",
                            "security_group_id": "sg-0d9238672b60c30da",
                            "self": "false",
                            "to_port": "22",
                            "type": "egress"
                        },
                        "meta": {
                            "schema_version": "2"
                        },
                        "tainted": false
                    },
                    "deposed": [],
                    "provider": "provider.aws"
                }
            },
            "depends_on": []
        },
        {
            "path": [
                "root",
                "network"
            ],
            "outputs": {
                "private-subnets": {
                    "sensitive": false,
                    "type": "list",
                    "value": [
                        "subnet-0900397cd22ddbce6",
                        "subnet-01f43ac7ebe34e95b",
                        "subnet-0b3679845439d36da",
                        "subnet-0564bf3119ddf5672",
                        "subnet-00c65977e21053d08"
                    ]
                },
                "public-subnets": {
                    "sensitive": false,
                    "type": "list",
                    "value": [
                        "subnet-0ed897c03ec93575b",
                        "subnet-006d0b69cc3f04f92",
                        "subnet-0f52334c0a0915c00",
                        "subnet-063978ee033850209",
                        "subnet-03534d92360c5bdb6"
                    ]
                },
                "vpc-id": {
                    "sensitive": false,
                    "type": "string",
                    "value": "vpc-04af34c9d2cd8b484"
                }
            },
            "resources": {
                "aws_eip.eip-nat": {
                    "type": "aws_eip",
                    "depends_on": [],
                    "primary": {
                        "id": "eipalloc-0bcc097ef44f5ce0f",
                        "attributes": {
                            "association_id": "eipassoc-7695ccce",
                            "domain": "vpc",
                            "id": "eipalloc-0bcc097ef44f5ce0f",
                            "instance": "",
                            "network_interface": "eni-0996282c17a7d21ff",
                            "private_ip": "10.10.20.86",
                            "public_ip": "18.211.104.252",
                            "tags.%": "2",
                            "tags.env": "nv-dev-pt",
                            "tags.live": "no",
                            "vpc": "true"
                        },
                        "meta": {
                            "e2bfb730-ecaa-11e6-8f88-34363bc7c4c0": {
                                "delete": 180000000000,
                                "read": 900000000000,
                                "update": 300000000000
                            }
                        },
                        "tainted": false
                    },
                    "deposed": [],
                    "provider": "provider.aws"
                },
                "aws_internet_gateway.igw": {
                    "type": "aws_internet_gateway",
                    "depends_on": [
                        "aws_vpc.main-vpc"
                    ],
                    "primary": {
                        "id": "igw-03f34761277fce764",
                        "attributes": {
                            "id": "igw-03f34761277fce764",
                            "tags.%": "2",
                            "tags.env": "nv-dev-pt",
                            "tags.live": "no",
                            "vpc_id": "vpc-04af34c9d2cd8b484"
                        },
                        "meta": {},
                        "tainted": false
                    },
                    "deposed": [],
                    "provider": "provider.aws"
                },
                "aws_nat_gateway.nat-gw": {
                    "type": "aws_nat_gateway",
                    "depends_on": [
                        "aws_eip.eip-nat",
                        "aws_subnet.public-subnets"
                    ],
                    "primary": {
                        "id": "nat-02c4536e1464d72bc",
                        "attributes": {
                            "allocation_id": "eipalloc-0bcc097ef44f5ce0f",
                            "id": "nat-02c4536e1464d72bc",
                            "network_interface_id": "eni-0996282c17a7d21ff",
                            "private_ip": "10.10.20.86",
                            "public_ip": "18.211.104.252",
                            "subnet_id": "subnet-0ed897c03ec93575b",
                            "tags.%": "2",
                            "tags.env": "nv-dev-pt",
                            "tags.live": "no"
                        },
                        "meta": {},
                        "tainted": false
                    },
                    "deposed": [],
                    "provider": "provider.aws"
                },
                "aws_route.private-subnet-route": {
                    "type": "aws_route",
                    "depends_on": [
                        "aws_nat_gateway.nat-gw",
                        "aws_route_table.private-subnet-route-table"
                    ],
                    "primary": {
                        "id": "r-rtb-0b5fd9aa32ac3f5a71080289494",
                        "attributes": {
                            "destination_cidr_block": "0.0.0.0/0",
                            "destination_prefix_list_id": "",
                            "egress_only_gateway_id": "",
                            "gateway_id": "",
                            "id": "r-rtb-0b5fd9aa32ac3f5a71080289494",
                            "instance_id": "",
                            "instance_owner_id": "",
                            "nat_gateway_id": "nat-02c4536e1464d72bc",
                            "network_interface_id": "",
                            "origin": "CreateRoute",
                            "route_table_id": "rtb-0b5fd9aa32ac3f5a7",
                            "state": "active",
                            "vpc_peering_connection_id": ""
                        },
                        "meta": {
                            "e2bfb730-ecaa-11e6-8f88-34363bc7c4c0": {
                                "create": 120000000000,
                                "delete": 300000000000
                            }
                        },
                        "tainted": false
                    },
                    "deposed": [],
                    "provider": "provider.aws"
                },
                "aws_route.public-subnet-route": {
                    "type": "aws_route",
                    "depends_on": [
                        "aws_internet_gateway.igw",
                        "aws_route_table.public-subnet-route-table"
                    ],
                    "primary": {
                        "id": "r-rtb-003ae145baacac4921080289494",
                        "attributes": {
                            "destination_cidr_block": "0.0.0.0/0",
                            "destination_prefix_list_id": "",
                            "egress_only_gateway_id": "",
                            "gateway_id": "igw-03f34761277fce764",
                            "id": "r-rtb-003ae145baacac4921080289494",
                            "instance_id": "",
                            "instance_owner_id": "",
                            "nat_gateway_id": "",
                            "network_interface_id": "",
                            "origin": "CreateRoute",
                            "route_table_id": "rtb-003ae145baacac492",
                            "state": "active",
                            "vpc_peering_connection_id": ""
                        },
                        "meta": {
                            "e2bfb730-ecaa-11e6-8f88-34363bc7c4c0": {
                                "create": 120000000000,
                                "delete": 300000000000
                            }
                        },
                        "tainted": false
                    },
                    "deposed": [],
                    "provider": "provider.aws"
                },
                "aws_route_table.private-subnet-route-table": {
                    "type": "aws_route_table",
                    "depends_on": [
                        "aws_vpc.main-vpc"
                    ],
                    "primary": {
                        "id": "rtb-0b5fd9aa32ac3f5a7",
                        "attributes": {
                            "id": "rtb-0b5fd9aa32ac3f5a7",
                            "propagating_vgws.#": "0",
                            "route.#": "1",
                            "route.642015714.cidr_block": "0.0.0.0/0",
                            "route.642015714.egress_only_gateway_id": "",
                            "route.642015714.gateway_id": "",
                            "route.642015714.instance_id": "",
                            "route.642015714.ipv6_cidr_block": "",
                            "route.642015714.nat_gateway_id": "nat-02c4536e1464d72bc",
                            "route.642015714.network_interface_id": "",
                            "route.642015714.vpc_peering_connection_id": "",
                            "tags.%": "2",
                            "tags.env": "nv-dev-pt",
                            "tags.live": "no",
                            "vpc_id": "vpc-04af34c9d2cd8b484"
                        },
                        "meta": {},
                        "tainted": false
                    },
                    "deposed": [],
                    "provider": "provider.aws"
                },
                "aws_route_table.public-subnet-route-table": {
                    "type": "aws_route_table",
                    "depends_on": [
                        "aws_vpc.main-vpc"
                    ],
                    "primary": {
                        "id": "rtb-003ae145baacac492",
                        "attributes": {
                            "id": "rtb-003ae145baacac492",
                            "propagating_vgws.#": "0",
                            "route.#": "1",
                            "route.759898742.cidr_block": "0.0.0.0/0",
                            "route.759898742.egress_only_gateway_id": "",
                            "route.759898742.gateway_id": "igw-03f34761277fce764",
                            "route.759898742.instance_id": "",
                            "route.759898742.ipv6_cidr_block": "",
                            "route.759898742.nat_gateway_id": "",
                            "route.759898742.network_interface_id": "",
                            "route.759898742.vpc_peering_connection_id": "",
                            "tags.%": "2",
                            "tags.env": "nv-dev-pt",
                            "tags.live": "no",
                            "vpc_id": "vpc-04af34c9d2cd8b484"
                        },
                        "meta": {},
                        "tainted": false
                    },
                    "deposed": [],
                    "provider": "provider.aws"
                },
                "aws_route_table_association.private.0": {
                    "type": "aws_route_table_association",
                    "depends_on": [
                        "aws_route_table.private-subnet-route-table",
                        "aws_subnet.private-subnets.*"
                    ],
                    "primary": {
                        "id": "rtbassoc-0ad051bfcbfed18b2",
                        "attributes": {
                            "id": "rtbassoc-0ad051bfcbfed18b2",
                            "route_table_id": "rtb-0b5fd9aa32ac3f5a7",
                            "subnet_id": "subnet-0900397cd22ddbce6"
                        },
                        "meta": {},
                        "tainted": false
                    },
                    "deposed": [],
                    "provider": "provider.aws"
                },
                "aws_route_table_association.private.1": {
                    "type": "aws_route_table_association",
                    "depends_on": [
                        "aws_route_table.private-subnet-route-table",
                        "aws_subnet.private-subnets.*"
                    ],
                    "primary": {
                        "id": "rtbassoc-02770ffc911e5b680",
                        "attributes": {
                            "id": "rtbassoc-02770ffc911e5b680",
                            "route_table_id": "rtb-0b5fd9aa32ac3f5a7",
                            "subnet_id": "subnet-01f43ac7ebe34e95b"
                        },
                        "meta": {},
                        "tainted": false
                    },
                    "deposed": [],
                    "provider": "provider.aws"
                },
                "aws_route_table_association.private.2": {
                    "type": "aws_route_table_association",
                    "depends_on": [
                        "aws_route_table.private-subnet-route-table",
                        "aws_subnet.private-subnets.*"
                    ],
                    "primary": {
                        "id": "rtbassoc-07a1182e81eef633a",
                        "attributes": {
                            "id": "rtbassoc-07a1182e81eef633a",
                            "route_table_id": "rtb-0b5fd9aa32ac3f5a7",
                            "subnet_id": "subnet-0b3679845439d36da"
                        },
                        "meta": {},
                        "tainted": false
                    },
                    "deposed": [],
                    "provider": "provider.aws"
                },
                "aws_route_table_association.private.3": {
                    "type": "aws_route_table_association",
                    "depends_on": [
                        "aws_route_table.private-subnet-route-table",
                        "aws_subnet.private-subnets.*"
                    ],
                    "primary": {
                        "id": "rtbassoc-0214be0098de5090a",
                        "attributes": {
                            "id": "rtbassoc-0214be0098de5090a",
                            "route_table_id": "rtb-0b5fd9aa32ac3f5a7",
                            "subnet_id": "subnet-0564bf3119ddf5672"
                        },
                        "meta": {},
                        "tainted": false
                    },
                    "deposed": [],
                    "provider": "provider.aws"
                },
                "aws_route_table_association.private.4": {
                    "type": "aws_route_table_association",
                    "depends_on": [
                        "aws_route_table.private-subnet-route-table",
                        "aws_subnet.private-subnets.*"
                    ],
                    "primary": {
                        "id": "rtbassoc-013c3be1f75353eea",
                        "attributes": {
                            "id": "rtbassoc-013c3be1f75353eea",
                            "route_table_id": "rtb-0b5fd9aa32ac3f5a7",
                            "subnet_id": "subnet-00c65977e21053d08"
                        },
                        "meta": {},
                        "tainted": false
                    },
                    "deposed": [],
                    "provider": "provider.aws"
                },
                "aws_route_table_association.public.0": {
                    "type": "aws_route_table_association",
                    "depends_on": [
                        "aws_route_table.public-subnet-route-table",
                        "aws_subnet.public-subnets.*"
                    ],
                    "primary": {
                        "id": "rtbassoc-0e6b45af7b4c7e445",
                        "attributes": {
                            "id": "rtbassoc-0e6b45af7b4c7e445",
                            "route_table_id": "rtb-003ae145baacac492",
                            "subnet_id": "subnet-0ed897c03ec93575b"
                        },
                        "meta": {},
                        "tainted": false
                    },
                    "deposed": [],
                    "provider": "provider.aws"
                },
                "aws_route_table_association.public.1": {
                    "type": "aws_route_table_association",
                    "depends_on": [
                        "aws_route_table.public-subnet-route-table",
                        "aws_subnet.public-subnets.*"
                    ],
                    "primary": {
                        "id": "rtbassoc-065f9e342a3726fb9",
                        "attributes": {
                            "id": "rtbassoc-065f9e342a3726fb9",
                            "route_table_id": "rtb-003ae145baacac492",
                            "subnet_id": "subnet-006d0b69cc3f04f92"
                        },
                        "meta": {},
                        "tainted": false
                    },
                    "deposed": [],
                    "provider": "provider.aws"
                },
                "aws_route_table_association.public.2": {
                    "type": "aws_route_table_association",
                    "depends_on": [
                        "aws_route_table.public-subnet-route-table",
                        "aws_subnet.public-subnets.*"
                    ],
                    "primary": {
                        "id": "rtbassoc-0e9ec5d6d810da7a8",
                        "attributes": {
                            "id": "rtbassoc-0e9ec5d6d810da7a8",
                            "route_table_id": "rtb-003ae145baacac492",
                            "subnet_id": "subnet-0f52334c0a0915c00"
                        },
                        "meta": {},
                        "tainted": false
                    },
                    "deposed": [],
                    "provider": "provider.aws"
                },
                "aws_route_table_association.public.3": {
                    "type": "aws_route_table_association",
                    "depends_on": [
                        "aws_route_table.public-subnet-route-table",
                        "aws_subnet.public-subnets.*"
                    ],
                    "primary": {
                        "id": "rtbassoc-0f42eaf893d3dec65",
                        "attributes": {
                            "id": "rtbassoc-0f42eaf893d3dec65",
                            "route_table_id": "rtb-003ae145baacac492",
                            "subnet_id": "subnet-063978ee033850209"
                        },
                        "meta": {},
                        "tainted": false
                    },
                    "deposed": [],
                    "provider": "provider.aws"
                },
                "aws_route_table_association.public.4": {
                    "type": "aws_route_table_association",
                    "depends_on": [
                        "aws_route_table.public-subnet-route-table",
                        "aws_subnet.public-subnets.*"
                    ],
                    "primary": {
                        "id": "rtbassoc-0ce96b307d97edecc",
                        "attributes": {
                            "id": "rtbassoc-0ce96b307d97edecc",
                            "route_table_id": "rtb-003ae145baacac492",
                            "subnet_id": "subnet-03534d92360c5bdb6"
                        },
                        "meta": {},
                        "tainted": false
                    },
                    "deposed": [],
                    "provider": "provider.aws"
                },
                "aws_subnet.private-subnets.0": {
                    "type": "aws_subnet",
                    "depends_on": [
                        "aws_vpc.main-vpc"
                    ],
                    "primary": {
                        "id": "subnet-0900397cd22ddbce6",
                        "attributes": {
                            "assign_ipv6_address_on_creation": "false",
                            "availability_zone": "us-east-1a",
                            "cidr_block": "10.10.20.0/28",
                            "id": "subnet-0900397cd22ddbce6",
                            "map_public_ip_on_launch": "false",
                            "tags.%": "3",
                            "tags.Name": "private-subnet",
                            "tags.env": "nv-dev-pt",
                            "tags.live": "no",
                            "vpc_id": "vpc-04af34c9d2cd8b484"
                        },
                        "meta": {
                            "schema_version": "1"
                        },
                        "tainted": false
                    },
                    "deposed": [],
                    "provider": "provider.aws"
                },
                "aws_subnet.private-subnets.1": {
                    "type": "aws_subnet",
                    "depends_on": [
                        "aws_vpc.main-vpc"
                    ],
                    "primary": {
                        "id": "subnet-01f43ac7ebe34e95b",
                        "attributes": {
                            "assign_ipv6_address_on_creation": "false",
                            "availability_zone": "us-east-1b",
                            "cidr_block": "10.10.20.16/28",
                            "id": "subnet-01f43ac7ebe34e95b",
                            "map_public_ip_on_launch": "false",
                            "tags.%": "3",
                            "tags.Name": "private-subnet",
                            "tags.env": "nv-dev-pt",
                            "tags.live": "no",
                            "vpc_id": "vpc-04af34c9d2cd8b484"
                        },
                        "meta": {
                            "schema_version": "1"
                        },
                        "tainted": false
                    },
                    "deposed": [],
                    "provider": "provider.aws"
                },
                "aws_subnet.private-subnets.2": {
                    "type": "aws_subnet",
                    "depends_on": [
                        "aws_vpc.main-vpc"
                    ],
                    "primary": {
                        "id": "subnet-0b3679845439d36da",
                        "attributes": {
                            "assign_ipv6_address_on_creation": "false",
                            "availability_zone": "us-east-1c",
                            "cidr_block": "10.10.20.32/28",
                            "id": "subnet-0b3679845439d36da",
                            "map_public_ip_on_launch": "false",
                            "tags.%": "3",
                            "tags.Name": "private-subnet",
                            "tags.env": "nv-dev-pt",
                            "tags.live": "no",
                            "vpc_id": "vpc-04af34c9d2cd8b484"
                        },
                        "meta": {
                            "schema_version": "1"
                        },
                        "tainted": false
                    },
                    "deposed": [],
                    "provider": "provider.aws"
                },
                "aws_subnet.private-subnets.3": {
                    "type": "aws_subnet",
                    "depends_on": [
                        "aws_vpc.main-vpc"
                    ],
                    "primary": {
                        "id": "subnet-0564bf3119ddf5672",
                        "attributes": {
                            "assign_ipv6_address_on_creation": "false",
                            "availability_zone": "us-east-1d",
                            "cidr_block": "10.10.20.48/28",
                            "id": "subnet-0564bf3119ddf5672",
                            "map_public_ip_on_launch": "false",
                            "tags.%": "3",
                            "tags.Name": "private-subnet",
                            "tags.env": "nv-dev-pt",
                            "tags.live": "no",
                            "vpc_id": "vpc-04af34c9d2cd8b484"
                        },
                        "meta": {
                            "schema_version": "1"
                        },
                        "tainted": false
                    },
                    "deposed": [],
                    "provider": "provider.aws"
                },
                "aws_subnet.private-subnets.4": {
                    "type": "aws_subnet",
                    "depends_on": [
                        "aws_vpc.main-vpc"
                    ],
                    "primary": {
                        "id": "subnet-00c65977e21053d08",
                        "attributes": {
                            "assign_ipv6_address_on_creation": "false",
                            "availability_zone": "us-east-1e",
                            "cidr_block": "10.10.20.64/28",
                            "id": "subnet-00c65977e21053d08",
                            "map_public_ip_on_launch": "false",
                            "tags.%": "3",
                            "tags.Name": "private-subnet",
                            "tags.env": "nv-dev-pt",
                            "tags.live": "no",
                            "vpc_id": "vpc-04af34c9d2cd8b484"
                        },
                        "meta": {
                            "schema_version": "1"
                        },
                        "tainted": false
                    },
                    "deposed": [],
                    "provider": "provider.aws"
                },
                "aws_subnet.public-subnets.0": {
                    "type": "aws_subnet",
                    "depends_on": [
                        "aws_subnet.private-subnets.*",
                        "aws_vpc.main-vpc"
                    ],
                    "primary": {
                        "id": "subnet-0ed897c03ec93575b",
                        "attributes": {
                            "assign_ipv6_address_on_creation": "false",
                            "availability_zone": "us-east-1a",
                            "cidr_block": "10.10.20.80/28",
                            "id": "subnet-0ed897c03ec93575b",
                            "map_public_ip_on_launch": "false",
                            "tags.%": "3",
                            "tags.Name": "public-subnet",
                            "tags.env": "nv-dev-pt",
                            "tags.live": "no",
                            "vpc_id": "vpc-04af34c9d2cd8b484"
                        },
                        "meta": {
                            "schema_version": "1"
                        },
                        "tainted": false
                    },
                    "deposed": [],
                    "provider": "provider.aws"
                },
                "aws_subnet.public-subnets.1": {
                    "type": "aws_subnet",
                    "depends_on": [
                        "aws_subnet.private-subnets.*",
                        "aws_vpc.main-vpc"
                    ],
                    "primary": {
                        "id": "subnet-006d0b69cc3f04f92",
                        "attributes": {
                            "assign_ipv6_address_on_creation": "false",
                            "availability_zone": "us-east-1b",
                            "cidr_block": "10.10.20.96/28",
                            "id": "subnet-006d0b69cc3f04f92",
                            "map_public_ip_on_launch": "false",
                            "tags.%": "3",
                            "tags.Name": "public-subnet",
                            "tags.env": "nv-dev-pt",
                            "tags.live": "no",
                            "vpc_id": "vpc-04af34c9d2cd8b484"
                        },
                        "meta": {
                            "schema_version": "1"
                        },
                        "tainted": false
                    },
                    "deposed": [],
                    "provider": "provider.aws"
                },
                "aws_subnet.public-subnets.2": {
                    "type": "aws_subnet",
                    "depends_on": [
                        "aws_subnet.private-subnets.*",
                        "aws_vpc.main-vpc"
                    ],
                    "primary": {
                        "id": "subnet-0f52334c0a0915c00",
                        "attributes": {
                            "assign_ipv6_address_on_creation": "false",
                            "availability_zone": "us-east-1c",
                            "cidr_block": "10.10.20.112/28",
                            "id": "subnet-0f52334c0a0915c00",
                            "map_public_ip_on_launch": "false",
                            "tags.%": "3",
                            "tags.Name": "public-subnet",
                            "tags.env": "nv-dev-pt",
                            "tags.live": "no",
                            "vpc_id": "vpc-04af34c9d2cd8b484"
                        },
                        "meta": {
                            "schema_version": "1"
                        },
                        "tainted": false
                    },
                    "deposed": [],
                    "provider": "provider.aws"
                },
                "aws_subnet.public-subnets.3": {
                    "type": "aws_subnet",
                    "depends_on": [
                        "aws_subnet.private-subnets.*",
                        "aws_vpc.main-vpc"
                    ],
                    "primary": {
                        "id": "subnet-063978ee033850209",
                        "attributes": {
                            "assign_ipv6_address_on_creation": "false",
                            "availability_zone": "us-east-1d",
                            "cidr_block": "10.10.20.128/28",
                            "id": "subnet-063978ee033850209",
                            "map_public_ip_on_launch": "false",
                            "tags.%": "3",
                            "tags.Name": "public-subnet",
                            "tags.env": "nv-dev-pt",
                            "tags.live": "no",
                            "vpc_id": "vpc-04af34c9d2cd8b484"
                        },
                        "meta": {
                            "schema_version": "1"
                        },
                        "tainted": false
                    },
                    "deposed": [],
                    "provider": "provider.aws"
                },
                "aws_subnet.public-subnets.4": {
                    "type": "aws_subnet",
                    "depends_on": [
                        "aws_subnet.private-subnets.*",
                        "aws_vpc.main-vpc"
                    ],
                    "primary": {
                        "id": "subnet-03534d92360c5bdb6",
                        "attributes": {
                            "assign_ipv6_address_on_creation": "false",
                            "availability_zone": "us-east-1e",
                            "cidr_block": "10.10.20.144/28",
                            "id": "subnet-03534d92360c5bdb6",
                            "map_public_ip_on_launch": "false",
                            "tags.%": "3",
                            "tags.Name": "public-subnet",
                            "tags.env": "nv-dev-pt",
                            "tags.live": "no",
                            "vpc_id": "vpc-04af34c9d2cd8b484"
                        },
                        "meta": {
                            "schema_version": "1"
                        },
                        "tainted": false
                    },
                    "deposed": [],
                    "provider": "provider.aws"
                },
                "aws_vpc.main-vpc": {
                    "type": "aws_vpc",
                    "depends_on": [],
                    "primary": {
                        "id": "vpc-04af34c9d2cd8b484",
                        "attributes": {
                            "arn": "arn:aws:ec2:us-east-1:571854380844:vpc/vpc-04af34c9d2cd8b484",
                            "assign_generated_ipv6_cidr_block": "false",
                            "cidr_block": "10.10.20.0/24",
                            "default_network_acl_id": "acl-03ea5fa4e800d8cfb",
                            "default_route_table_id": "rtb-0850abda4dac4cc0d",
                            "default_security_group_id": "sg-02b60a022ed0c66f8",
                            "dhcp_options_id": "dopt-f3253496",
                            "enable_classiclink": "false",
                            "enable_classiclink_dns_support": "false",
                            "enable_dns_hostnames": "true",
                            "enable_dns_support": "true",
                            "id": "vpc-04af34c9d2cd8b484",
                            "instance_tenancy": "default",
                            "main_route_table_id": "rtb-0850abda4dac4cc0d",
                            "tags.%": "2",
                            "tags.env": "nv-dev-pt",
                            "tags.live": "no"
                        },
                        "meta": {
                            "schema_version": "1"
                        },
                        "tainted": false
                    },
                    "deposed": [],
                    "provider": "provider.aws"
                }
            },
            "depends_on": []
        }
    ]
}
